
Microsoft Visual Studio Solution File, Format Version 12.00
# Visual Studio Version 17
VisualStudioVersion = 17.0.31903.59
MinimumVisualStudioVersion = 10.0.40219.1
Project("{2150E333-8FDC-42A3-9474-1A3956D46DE8}") = "src", "src", "{E69ECED2-3977-4603-97EE-5A1CF08302CD}"
EndProject
Project("{FAE04EC0-301F-11D3-BF4B-00C04F79EFBC}") = "Companion.Core", "src\Companion.Core\Companion.Core.csproj", "{AD674BC9-962B-48BE-8C89-2ABDDBF1D109}"
EndProject
Project("{FAE04EC0-301F-11D3-BF4B-00C04F79EFBC}") = "Companion.Infrastructure", "src\Companion.Infrastructure\Companion.Infrastructure.csproj", "{3C89EFBC-2A61-4C90-9C00-4773EB6C7136}"
EndProject
Project("{2150E333-8FDC-42A3-9474-1A3956D46DE8}") = "tests", "tests", "{663E904C-FC31-4D98-BCF7-8F0FE4678B9C}"
EndProject
Project("{FAE04EC0-301F-11D3-BF4B-00C04F79EFBC}") = "Companion.Tests", "tests\Companion.Tests\Companion.Tests.csproj", "{428B8DE6-712A-4D00-80C7-BF41799C499A}"
EndProject
Project("{FAE04EC0-301F-11D3-BF4B-00C04F79EFBC}") = "Companion.Api", "src\Companion.Api\Companion.Api.csproj", "{A147B2C4-985A-44B8-B624-438B608DF4E5}"
EndProject
Project("{2150E333-8FDC-42A3-9474-1A3956D46DE8}") = "tools", "tools", "{07C2787E-EAC7-C090-1BA3-A61EC2A24D84}"
EndProject
Project("{FAE04EC0-301F-11D3-BF4B-00C04F79EFBC}") = "Companion.Soak", "tools\Companion.Soak\Companion.Soak.csproj", "{A66DE747-F600-4AA0-95BD-2BA861F3588C}"
EndProject
Global
	GlobalSection(SolutionConfigurationPlatforms) = preSolution
		Debug|Any CPU = Debug|Any CPU
		Debug|x64 = Debug|x64
		Debug|x86 = Debug|x86
		Release|Any CPU = Release|Any CPU
		Release|x64 = Release|x64
		Release|x86 = Release|x86
	EndGlobalSection
	GlobalSection(ProjectConfigurationPlatforms) = postSolution
		{AD674BC9-962B-48BE-8C89-2ABDDBF1D109}.Debug|Any CPU.ActiveCfg = Debug|Any CPU
		{AD674BC9-962B-48BE-8C89-2ABDDBF1D109}.Debug|Any CPU.Build.0 = Debug|Any CPU
		{AD674BC9-962B-48BE-8C89-2ABDDBF1D109}.Debug|x64.ActiveCfg = Debug|Any CPU
		{AD674BC9-962B-48BE-8C89-2ABDDBF1D109}.Debug|x64.Build.0 = Debug|Any CPU
		{AD674BC9-962B-48BE-8C89-2ABDDBF1D109}.Debug|x86.ActiveCfg = Debug|Any CPU
		{AD674BC9-962B-48BE-8C89-2ABDDBF1D109}.Debug|x86.Build.0 = Debug|Any CPU
		{AD674BC9-962B-48BE-8C89-2ABDDBF1D109}.Release|Any CPU.ActiveCfg = Release|Any CPU
		{AD674BC9-962B-48BE-8C89-2ABDDBF1D109}.Release|Any CPU.Build.0 = Release|Any CPU
		{AD674BC9-962B-48BE-8C89-2ABDDBF1D109}.Release|x64.ActiveCfg = Release|Any CPU
		{AD674BC9-962B-48BE-8C89-2ABDDBF1D109}.Release|x64.Build.0 = Release|Any CPU
		{AD674BC9-962B-48BE-8C89-2ABDDBF1D109}.Release|x86.ActiveCfg = Release|Any CPU
		{AD674BC9-962B-48BE-8C89-2ABDDBF1D109}.Release|x86.Build.0 = Release|Any CPU
		{3C89EFBC-2A61-4C90-9C00-4773EB6C7136}.Debug|Any CPU.ActiveCfg = Debug|Any CPU
		{3C89EFBC-2A61-4C90-9C00-4773EB6C7136}.Debug|Any CPU.Build.0 = Debug|Any CPU
		{3C89EFBC-2A61-4C90-9C00-4773EB6C7136}.Debug|x64.ActiveCfg = Debug|Any CPU
		{3C89EFBC-2A61-4C90-9C00-4773EB6C7136}.Debug|x64.Build.0 = Debug|Any CPU
		{3C89EFBC-2A61-4C90-9C00-4773EB6C7136}.Debug|x86.ActiveCfg = Debug|Any CPU
		{3C89EFBC-2A61-4C90-9C00-4773EB6C7136}.Debug|x86.Build.0 = Debug|Any CPU
		{3C89EFBC-2A61-4C90-9C00-4773EB6C7136}.Release|Any CPU.ActiveCfg = Release|Any CPU
		{3C89EFBC-2A61-4C90-9C00-4773EB6C7136}.Release|Any CPU.Build.0 = Release|Any CPU
		{3C89EFBC-2A61-4C90-9C00-4773EB6C7136}.Release|x64.ActiveCfg = Release|Any CPU
		{3C89EFBC-2A61-4C90-9C00-4773EB6C7136}.Release|x64.Build.0 = Release|Any CPU
		{3C89EFBC-2A61-4C90-9C00-4773EB6C7136}.Release|x86.ActiveCfg = Release|Any CPU
		{3C89EFBC-2A61-4C90-9C00-4773EB6C7136}.Release|x86.Build.0 = Release|Any CPU
		{428B8DE6-712A-4D00-80C7-BF41799C499A}.Debug|Any CPU.ActiveCfg = Debug|Any CPU
		{428B8DE6-712A-4D00-80C7-BF41799C499A}.Debug|Any CPU.Build.0 = Debug|Any CPU
		{428B8DE6-712A-4D00-80C7-BF41799C499A}.Debug|x64.ActiveCfg = Debug|Any CPU
		{428B8DE6-712A-4D00-80C7-BF41799C499A}.Debug|x64.Build.0 = Debug|Any CPU
		{428B8DE6-712A-4D00-80C7-BF41799C499A}.Debug|x86.ActiveCfg = Debug|Any CPU
		{428B8DE6-712A-4D00-80C7-BF41799C499A}.Debug|x86.Build.0 = Debug|Any CPU
		{428B8DE6-712A-4D00-80C7-BF41799C499A}.Release|Any CPU.ActiveCfg = Release|Any CPU
		{428B8DE6-712A-4D00-80C7-BF41799C499A}.Release|Any CPU.Build.0 = Release|Any CPU
		{428B8DE6-712A-4D00-80C7-BF41799C499A}.Release|x64.ActiveCfg = Release|Any CPU
		{428B8DE6-712A-4D00-80C7-BF41799C499A}.Release|x64.Build.0 = Release|Any CPU
		{428B8DE6-712A-4D00-80C7-BF41799C499A}.Release|x86.ActiveCfg = Release|Any CPU
		{428B8DE6-712A-4D00-80C7-BF41799C499A}.Release|x86.Build.0 = Release|Any CPU
		{A147B2C4-985A-44B8-B624-438B608DF4E5}.Debug|Any CPU.ActiveCfg = Debug|Any CPU
		{A147B2C4-985A-44B8-B624-438B608DF4E5}.Debug|Any CPU.Build.0 = Debug|Any CPU
		{A147B2C4-985A-44B8-B624-438B608DF4E5}.Debug|x64.ActiveCfg = Debug|Any CPU
		{A147B2C4-985A-44B8-B624-438B608DF4E5}.Debug|x64.Build.0 = Debug|Any CPU
		{A147B2C4-985A-44B8-B624-438B608DF4E5}.Debug|x86.ActiveCfg = Debug|Any CPU
		{A147B2C4-985A-44B8-B624-438B608DF4E5}.Debug|x86.Build.0 = Debug|Any CPU
		{A147B2C4-985A-44B8-B624-438B608DF4E5}.Release|Any CPU.ActiveCfg = Release|Any CPU
		{A147B2C4-985A-44B8-B624-438B608DF4E5}.Release|Any CPU.Build.0 = Release|Any CPU
		{A147B2C4-985A-44B8-B624-438B608DF4E5}.Release|x64.ActiveCfg = Release|Any CPU
		{A147B2C4-985A-44B8-B624-438B608DF4E5}.Release|x64.Build.0 = Release|Any CPU
		{A147B2C4-985A-44B8-B624-438B608DF4E5}.Release|x86.ActiveCfg = Release|Any CPU
		{A147B2C4-985A-44B8-B624-438B608DF4E5}.Release|x86.Build.0 = Release|Any CPU
		{A66DE747-F600-4AA0-95BD-2BA861F3588C}.Debug|Any CPU.ActiveCfg = Debug|Any CPU
		{A66DE747-F600-4AA0-95BD-2BA861F3588C}.Debug|Any CPU.Build.0 = Debug|Any CPU
		{A66DE747-F600-4AA0-95BD-2BA861F3588C}.Debug|x64.ActiveCfg = Debug|Any CPU
		{A66DE747-F600-4AA0-95BD-2BA861F3588C}.Debug|x64.Build.0 = Debug|Any CPU
		{A66DE747-F600-4AA0-95BD-2BA861F3588C}.Debug|x86.ActiveCfg = Debug|Any CPU
		{A66DE747-F600-4AA0-95BD-2BA861F3588C}.Debug|x86.Build.0 = Debug|Any CPU
		{A66DE747-F600-4AA0-95BD-2BA861F3588C}.Release|Any CPU.ActiveCfg = Release|Any CPU
		{A66DE747-F600-4AA0-95BD-2BA861F3588C}.Release|Any CPU.Build.0 = Release|Any CPU
		{A66DE747-F600-4AA0-95BD-2BA861F3588C}.Release|x64.ActiveCfg = Release|Any CPU
		{A66DE747-F600-4AA0-95BD-2BA861F3588C}.Release|x64.Build.0 = Release|Any CPU
		{A66DE747-F600-4AA0-95BD-2BA861F3588C}.Release|x86.ActiveCfg = Release|Any CPU
		{A66DE747-F600-4AA0-95BD-2BA861F3588C}.Release|x86.Build.0 = Release|Any CPU
	EndGlobalSection
	GlobalSection(SolutionProperties) = preSolution
		HideSolutionNode = FALSE
	EndGlobalSection
	GlobalSection(NestedProjects) = preSolution
		{AD674BC9-962B-48BE-8C89-2ABDDBF1D109} = {E69ECED2-3977-4603-97EE-5A1CF08302CD}
		{3C89EFBC-2A61-4C90-9C00-4773EB6C7136} = {E69ECED2-3977-4603-97EE-5A1CF08302CD}
		{428B8DE6-712A-4D00-80C7-BF41799C499A} = {663E904C-FC31-4D98-BCF7-8F0FE4678B9C}
		{A147B2C4-985A-44B8-B624-438B608DF4E5} = {E69ECED2-3977-4603-97EE-5A1CF08302CD}
		{A66DE747-F600-4AA0-95BD-2BA861F3588C} = {07C2787E-EAC7-C090-1BA3-A61EC2A24D84}
	EndGlobalSection
EndGlobal
